
Microsoft Visual Studio Solution File, Format Version 12.00
# Visual Studio Version 17
VisualStudioVersion = 17.4.33103.184
MinimumVisualStudioVersion = 10.0.40219.1
Project("{FAE04EC0-301F-11D3-BF4B-00C04F79EFBC}") = "StuartCodyGOL", "StuartCodyGOL\StuartCodyGOL.csproj", "{70037DDF-4BB6-4245-93E0-CD19DF7AE2BE}"
EndProject
Global
	GlobalSection(SolutionConfigurationPlatforms) = preSolution
		Debug|Any CPU = Debug|Any CPU
		Release|Any CPU = Release|Any CPU
	EndGlobalSection
	GlobalSection(ProjectConfigurationPlatforms) = postSolution
		{70037DDF-4BB6-4245-93E0-CD19DF7AE2BE}.Debug|Any CPU.ActiveCfg = Debug|Any CPU
		{70037DDF-4BB6-4245-93E0-CD19DF7AE2BE}.Debug|Any CPU.Build.0 = Debug|Any CPU
		{70037DDF-4BB6-4245-93E0-CD19DF7AE2BE}.Release|Any CPU.ActiveCfg = Release|Any CPU
		{70037DDF-4BB6-4245-93E0-CD19DF7AE2BE}.Release|Any CPU.Build.0 = Release|Any CPU
	EndGlobalSection
	GlobalSection(SolutionProperties) = preSolution
		HideSolutionNode = FALSE
	EndGlobalSection
	GlobalSection(ExtensibilityGlobals) = postSolution
		SolutionGuid = {EAAD0B42-A289-48FF-B541-012A84DA1595}
	EndGlobalSection
EndGlobal
